// !$*UTF8*$!
{
	archiveVersion = 1;
	classes = {
	};
	objectVersion = 55;
	objects = {

/* Begin PBXBuildFile section */
		DBF61A3E28AC0F8F00AAA0EF /* Moody3_0App.swift in Sources */ = {isa = PBXBuildFile; fileRef = DBF61A3D28AC0F8F00AAA0EF /* Moody3_0App.swift */; };
		DBF61A4028AC0F8F00AAA0EF /* ContentView.swift in Sources */ = {isa = PBXBuildFile; fileRef = DBF61A3F28AC0F8F00AAA0EF /* ContentView.swift */; };
		DBF61A4228AC0F9100AAA0EF /* Assets.xcassets in Resources */ = {isa = PBXBuildFile; fileRef = DBF61A4128AC0F9100AAA0EF /* Assets.xcassets */; };
		DBF61A4528AC0F9100AAA0EF /* Preview Assets.xcassets in Resources */ = {isa = PBXBuildFile; fileRef = DBF61A4428AC0F9100AAA0EF /* Preview Assets.xcassets */; };
		DBF61A4F28AC0F9200AAA0EF /* Moody3_0Tests.swift in Sources */ = {isa = PBXBuildFile; fileRef = DBF61A4E28AC0F9200AAA0EF /* Moody3_0Tests.swift */; };
		DBF61A5928AC0F9200AAA0EF /* Moody3_0UITests.swift in Sources */ = {isa = PBXBuildFile; fileRef = DBF61A5828AC0F9200AAA0EF /* Moody3_0UITests.swift */; };
		DBF61A5B28AC0F9200AAA0EF /* Moody3_0UITestsLaunchTests.swift in Sources */ = {isa = PBXBuildFile; fileRef = DBF61A5A28AC0F9200AAA0EF /* Moody3_0UITestsLaunchTests.swift */; };
/* End PBXBuildFile section */

/* Begin PBXContainerItemProxy section */
		DBF61A4B28AC0F9200AAA0EF /* PBXContainerItemProxy */ = {
			isa = PBXContainerItemProxy;
			containerPortal = DBF61A3228AC0F8F00AAA0EF /* Project object */;
			proxyType = 1;
			remoteGlobalIDString = DBF61A3928AC0F8F00AAA0EF;
			remoteInfo = Moody3.0;
		};
		DBF61A5528AC0F9200AAA0EF /* PBXContainerItemProxy */ = {
			isa = PBXContainerItemProxy;
			containerPortal = DBF61A3228AC0F8F00AAA0EF /* Project object */;
			proxyType = 1;
			remoteGlobalIDString = DBF61A3928AC0F8F00AAA0EF;
			remoteInfo = Moody3.0;
		};
/* End PBXContainerItemProxy section */

/* Begin PBXFileReference section */
		DBF61A3A28AC0F8F00AAA0EF /* Moody3.0.app */ = {isa = PBXFileReference; explicitFileType = wrapper.application; includeInIndex = 0; path = Moody3.0.app; sourceTree = BUILT_PRODUCTS_DIR; };
		DBF61A3D28AC0F8F00AAA0EF /* Moody3_0App.swift */ = {isa = PBXFileReference; lastKnownFileType = sourcecode.swift; path = Moody3_0App.swift; sourceTree = "<group>"; };
		DBF61A3F28AC0F8F00AAA0EF /* ContentView.swift */ = {isa = PBXFileReference; lastKnownFileType = sourcecode.swift; path = ContentView.swift; sourceTree = "<group>"; };
		DBF61A4128AC0F9100AAA0EF /* Assets.xcassets */ = {isa = PBXFileReference; lastKnownFileType = folder.assetcatalog; path = Assets.xcassets; sourceTree = "<group>"; };
		DBF61A4428AC0F9100AAA0EF /* Preview Assets.xcassets */ = {isa = PBXFileReference; lastKnownFileType = folder.assetcatalog; path = "Preview Assets.xcassets"; sourceTree = "<group>"; };
		DBF61A4A28AC0F9200AAA0EF /* Moody3.0Tests.xctest */ = {isa = PBXFileReference; explicitFileType = wrapper.cfbundle; includeInIndex = 0; path = Moody3.0Tests.xctest; sourceTree = BUILT_PRODUCTS_DIR; };
		DBF61A4E28AC0F9200AAA0EF /* Moody3_0Tests.swift */ = {isa = PBXFileReference; lastKnownFileType = sourcecode.swift; path = Moody3_0Tests.swift; sourceTree = "<group>"; };
		DBF61A5428AC0F9200AAA0EF /* Moody3.0UITests.xctest */ = {isa = PBXFileReference; explicitFileType = wrapper.cfbundle; includeInIndex = 0; path = Moody3.0UITests.xctest; sourceTree = BUILT_PRODUCTS_DIR; };
		DBF61A5828AC0F9200AAA0EF /* Moody3_0UITests.swift */ = {isa = PBXFileReference; lastKnownFileType = sourcecode.swift; path = Moody3_0UITests.swift; sourceTree = "<group>"; };
		DBF61A5A28AC0F9200AAA0EF /* Moody3_0UITestsLaunchTests.swift */ = {isa = PBXFileReference; lastKnownFileType = sourcecode.swift; path = Moody3_0UITestsLaunchTests.swift; sourceTree = "<group>"; };
/* End PBXFileReference section */

/* Begin PBXFrameworksBuildPhase section */
		DBF61A3728AC0F8F00AAA0EF /* Frameworks */ = {
			isa = PBXFrameworksBuildPhase;
			buildActionMask = 2147483647;
			files = (
			);
			runOnlyForDeploymentPostprocessing = 0;
		};
		DBF61A4728AC0F9200AAA0EF /* Frameworks */ = {
			isa = PBXFrameworksBuildPhase;
			buildActionMask = 2147483647;
			files = (
			);
			runOnlyForDeploymentPostprocessing = 0;
		};
		DBF61A5128AC0F9200AAA0EF /* Frameworks */ = {
			isa = PBXFrameworksBuildPhase;
			buildActionMask = 2147483647;
			files = (
			);
			runOnlyForDeploymentPostprocessing = 0;
		};
/* End PBXFrameworksBuildPhase section */

/* Begin PBXGroup section */
		DBF61A3128AC0F8F00AAA0EF = {
			isa = PBXGroup;
			children = (
				DBF61A3C28AC0F8F00AAA0EF /* Moody3.0 */,
				DBF61A4D28AC0F9200AAA0EF /* Moody3.0Tests */,
				DBF61A5728AC0F9200AAA0EF /* Moody3.0UITests */,
				DBF61A3B28AC0F8F00AAA0EF /* Products */,
			);
			sourceTree = "<group>";
		};
		DBF61A3B28AC0F8F00AAA0EF /* Products */ = {
			isa = PBXGroup;
			children = (
				DBF61A3A28AC0F8F00AAA0EF /* Moody3.0.app */,
				DBF61A4A28AC0F9200AAA0EF /* Moody3.0Tests.xctest */,
				DBF61A5428AC0F9200AAA0EF /* Moody3.0UITests.xctest */,
			);
			name = Products;
			sourceTree = "<group>";
		};
		DBF61A3C28AC0F8F00AAA0EF /* Moody3.0 */ = {
			isa = PBXGroup;
			children = (
				DBF61A3D28AC0F8F00AAA0EF /* Moody3_0App.swift */,
				DBF61A3F28AC0F8F00AAA0EF /* ContentView.swift */,
				DBF61A4128AC0F9100AAA0EF /* Assets.xcassets */,
				DBF61A4328AC0F9100AAA0EF /* Preview Content */,
			);
			path = Moody3.0;
			sourceTree = "<group>";
		};
		DBF61A4328AC0F9100AAA0EF /* Preview Content */ = {
			isa = PBXGroup;
			children = (
				DBF61A4428AC0F9100AAA0EF /* Preview Assets.xcassets */,
			);
			path = "Preview Content";
			sourceTree = "<group>";
		};
		DBF61A4D28AC0F9200AAA0EF /* Moody3.0Tests */ = {
			isa = PBXGroup;
			children = (
				DBF61A4E28AC0F9200AAA0EF /* Moody3_0Tests.swift */,
			);
			path = Moody3.0Tests;
			sourceTree = "<group>";
		};
		DBF61A5728AC0F9200AAA0EF /* Moody3.0UITests */ = {
			isa = PBXGroup;
			children = (
				DBF61A5828AC0F9200AAA0EF /* Moody3_0UITests.swift */,
				DBF61A5A28AC0F9200AAA0EF /* Moody3_0UITestsLaunchTests.swift */,
			);
			path = Moody3.0UITests;
			sourceTree = "<group>";
		};
/* End PBXGroup section */

/* Begin PBXNativeTarget section */
		DBF61A3928AC0F8F00AAA0EF /* Moody3.0 */ = {
			isa = PBXNativeTarget;
			buildConfigurationList = DBF61A5E28AC0F9200AAA0EF /* Build configuration list for PBXNativeTarget "Moody3.0" */;
			buildPhases = (
				DBF61A3628AC0F8F00AAA0EF /* Sources */,
				DBF61A3728AC0F8F00AAA0EF /* Frameworks */,
				DBF61A3828AC0F8F00AAA0EF /* Resources */,
			);
			buildRules = (
			);
			dependencies = (
			);
			name = Moody3.0;
			productName = Moody3.0;
			productReference = DBF61A3A28AC0F8F00AAA0EF /* Moody3.0.app */;
			productType = "com.apple.product-type.application";
		};
		DBF61A4928AC0F9200AAA0EF /* Moody3.0Tests */ = {
			isa = PBXNativeTarget;
			buildConfigurationList = DBF61A6128AC0F9200AAA0EF /* Build configuration list for PBXNativeTarget "Moody3.0Tests" */;
			buildPhases = (
				DBF61A4628AC0F9200AAA0EF /* Sources */,
				DBF61A4728AC0F9200AAA0EF /* Frameworks */,
				DBF61A4828AC0F9200AAA0EF /* Resources */,
			);
			buildRules = (
			);
			dependencies = (
				DBF61A4C28AC0F9200AAA0EF /* PBXTargetDependency */,
			);
			name = Moody3.0Tests;
			productName = Moody3.0Tests;
			productReference = DBF61A4A28AC0F9200AAA0EF /* Moody3.0Tests.xctest */;
			productType = "com.apple.product-type.bundle.unit-test";
		};
		DBF61A5328AC0F9200AAA0EF /* Moody3.0UITests */ = {
			isa = PBXNativeTarget;
			buildConfigurationList = DBF61A6428AC0F9200AAA0EF /* Build configuration list for PBXNativeTarget "Moody3.0UITests" */;
			buildPhases = (
				DBF61A5028AC0F9200AAA0EF /* Sources */,
				DBF61A5128AC0F9200AAA0EF /* Frameworks */,
				DBF61A5228AC0F9200AAA0EF /* Resources */,
			);
			buildRules = (
			);
			dependencies = (
				DBF61A5628AC0F9200AAA0EF /* PBXTargetDependency */,
			);
			name = Moody3.0UITests;
			productName = Moody3.0UITests;
			productReference = DBF61A5428AC0F9200AAA0EF /* Moody3.0UITests.xctest */;
			productType = "com.apple.product-type.bundle.ui-testing";
		};
/* End PBXNativeTarget section */

/* Begin PBXProject section */
		DBF61A3228AC0F8F00AAA0EF /* Project object */ = {
			isa = PBXProject;
			attributes = {
				BuildIndependentTargetsInParallel = 1;
				LastSwiftUpdateCheck = 1340;
				LastUpgradeCheck = 1340;
				TargetAttributes = {
					DBF61A3928AC0F8F00AAA0EF = {
						CreatedOnToolsVersion = 13.4.1;
					};
					DBF61A4928AC0F9200AAA0EF = {
						CreatedOnToolsVersion = 13.4.1;
						TestTargetID = DBF61A3928AC0F8F00AAA0EF;
					};
					DBF61A5328AC0F9200AAA0EF = {
						CreatedOnToolsVersion = 13.4.1;
						TestTargetID = DBF61A3928AC0F8F00AAA0EF;
					};
				};
			};
			buildConfigurationList = DBF61A3528AC0F8F00AAA0EF /* Build configuration list for PBXProject "Moody3.0" */;
			compatibilityVersion = "Xcode 13.0";
			developmentRegion = en;
			hasScannedForEncodings = 0;
			knownRegions = (
				en,
				Base,
			);
			mainGroup = DBF61A3128AC0F8F00AAA0EF;
			productRefGroup = DBF61A3B28AC0F8F00AAA0EF /* Products */;
			projectDirPath = "";
			projectRoot = "";
			targets = (
				DBF61A3928AC0F8F00AAA0EF /* Moody3.0 */,
				DBF61A4928AC0F9200AAA0EF /* Moody3.0Tests */,
				DBF61A5328AC0F9200AAA0EF /* Moody3.0UITests */,
			);
		};
/* End PBXProject section */

/* Begin PBXResourcesBuildPhase section */
		DBF61A3828AC0F8F00AAA0EF /* Resources */ = {
			isa = PBXResourcesBuildPhase;
			buildActionMask = 2147483647;
			files = (
				DBF61A4528AC0F9100AAA0EF /* Preview Assets.xcassets in Resources */,
				DBF61A4228AC0F9100AAA0EF /* Assets.xcassets in Resources */,
			);
			runOnlyForDeploymentPostprocessing = 0;
		};
		DBF61A4828AC0F9200AAA0EF /* Resources */ = {
			isa = PBXResourcesBuildPhase;
			buildActionMask = 2147483647;
			files = (
			);
			runOnlyForDeploymentPostprocessing = 0;
		};
		DBF61A5228AC0F9200AAA0EF /* Resources */ = {
			isa = PBXResourcesBuildPhase;
			buildActionMask = 2147483647;
			files = (
			);
			runOnlyForDeploymentPostprocessing = 0;
		};
/* End PBXResourcesBuildPhase section */

/* Begin PBXSourcesBuildPhase section */
		DBF61A3628AC0F8F00AAA0EF /* Sources */ = {
			isa = PBXSourcesBuildPhase;
			buildActionMask = 2147483647;
			files = (
				DBF61A4028AC0F8F00AAA0EF /* ContentView.swift in Sources */,
				DBF61A3E28AC0F8F00AAA0EF /* Moody3_0App.swift in Sources */,
			);
			runOnlyForDeploymentPostprocessing = 0;
		};
		DBF61A4628AC0F9200AAA0EF /* Sources */ = {
			isa = PBXSourcesBuildPhase;
			buildActionMask = 2147483647;
			files = (
				DBF61A4F28AC0F9200AAA0EF /* Moody3_0Tests.swift in Sources */,
			);
			runOnlyForDeploymentPostprocessing = 0;
		};
		DBF61A5028AC0F9200AAA0EF /* Sources */ = {
			isa = PBXSourcesBuildPhase;
			buildActionMask = 2147483647;
			files = (
				DBF61A5B28AC0F9200AAA0EF /* Moody3_0UITestsLaunchTests.swift in Sources */,
				DBF61A5928AC0F9200AAA0EF /* Moody3_0UITests.swift in Sources */,
			);
			runOnlyForDeploymentPostprocessing = 0;
		};
/* End PBXSourcesBuildPhase section */

/* Begin PBXTargetDependency section */
		DBF61A4C28AC0F9200AAA0EF /* PBXTargetDependency */ = {
			isa = PBXTargetDependency;
			target = DBF61A3928AC0F8F00AAA0EF /* Moody3.0 */;
			targetProxy = DBF61A4B28AC0F9200AAA0EF /* PBXContainerItemProxy */;
		};
		DBF61A5628AC0F9200AAA0EF /* PBXTargetDependency */ = {
			isa = PBXTargetDependency;
			target = DBF61A3928AC0F8F00AAA0EF /* Moody3.0 */;
			targetProxy = DBF61A5528AC0F9200AAA0EF /* PBXContainerItemProxy */;
		};
/* End PBXTargetDependency section */

/* Begin XCBuildConfiguration section */
		DBF61A5C28AC0F9200AAA0EF /* Debug */ = {
			isa = XCBuildConfiguration;
			buildSettings = {
				ALWAYS_SEARCH_USER_PATHS = NO;
				CLANG_ANALYZER_NONNULL = YES;
				CLANG_ANALYZER_NUMBER_OBJECT_CONVERSION = YES_AGGRESSIVE;
				CLANG_CXX_LANGUAGE_STANDARD = "gnu++17";
				CLANG_ENABLE_MODULES = YES;
				CLANG_ENABLE_OBJC_ARC = YES;
				CLANG_ENABLE_OBJC_WEAK = YES;
				CLANG_WARN_BLOCK_CAPTURE_AUTORELEASING = YES;
				CLANG_WARN_BOOL_CONVERSION = YES;
				CLANG_WARN_COMMA = YES;
				CLANG_WARN_CONSTANT_CONVERSION = YES;
				CLANG_WARN_DEPRECATED_OBJC_IMPLEMENTATIONS = YES;
				CLANG_WARN_DIRECT_OBJC_ISA_USAGE = YES_ERROR;
				CLANG_WARN_DOCUMENTATION_COMMENTS = YES;
				CLANG_WARN_EMPTY_BODY = YES;
				CLANG_WARN_ENUM_CONVERSION = YES;
				CLANG_WARN_INFINITE_RECURSION = YES;
				CLANG_WARN_INT_CONVERSION = YES;
				CLANG_WARN_NON_LITERAL_NULL_CONVERSION = YES;
				CLANG_WARN_OBJC_IMPLICIT_RETAIN_SELF = YES;
				CLANG_WARN_OBJC_LITERAL_CONVERSION = YES;
				CLANG_WARN_OBJC_ROOT_CLASS = YES_ERROR;
				CLANG_WARN_QUOTED_INCLUDE_IN_FRAMEWORK_HEADER = YES;
				CLANG_WARN_RANGE_LOOP_ANALYSIS = YES;
				CLANG_WARN_STRICT_PROTOTYPES = YES;
				CLANG_WARN_SUSPICIOUS_MOVE = YES;
				CLANG_WARN_UNGUARDED_AVAILABILITY = YES_AGGRESSIVE;
				CLANG_WARN_UNREACHABLE_CODE = YES;
				CLANG_WARN__DUPLICATE_METHOD_MATCH = YES;
				COPY_PHASE_STRIP = NO;
				DEBUG_INFORMATION_FORMAT = dwarf;
				ENABLE_STRICT_OBJC_MSGSEND = YES;
				ENABLE_TESTABILITY = YES;
				GCC_C_LANGUAGE_STANDARD = gnu11;
				GCC_DYNAMIC_NO_PIC = NO;
				GCC_NO_COMMON_BLOCKS = YES;
				GCC_OPTIMIZATION_LEVEL = 0;
				GCC_PREPROCESSOR_DEFINITIONS = (
					"DEBUG=1",
					"$(inherited)",
				);
				GCC_WARN_64_TO_32_BIT_CONVERSION = YES;
				GCC_WARN_ABOUT_RETURN_TYPE = YES_ERROR;
				GCC_WARN_UNDECLARED_SELECTOR = YES;
				GCC_WARN_UNINITIALIZED_AUTOS = YES_AGGRESSIVE;
				GCC_WARN_UNUSED_FUNCTION = YES;
				GCC_WARN_UNUSED_VARIABLE = YES;
				IPHONEOS_DEPLOYMENT_TARGET = 15.5;
				MTL_ENABLE_DEBUG_INFO = INCLUDE_SOURCE;
				MTL_FAST_MATH = YES;
				ONLY_ACTIVE_ARCH = YES;
				SDKROOT = iphoneos;
				SWIFT_ACTIVE_COMPILATION_CONDITIONS = DEBUG;
				SWIFT_OPTIMIZATION_LEVEL = "-Onone";
			};
			name = Debug;
		};
		DBF61A5D28AC0F9200AAA0EF /* Release */ = {
			isa = XCBuildConfiguration;
			buildSettings = {
				ALWAYS_SEARCH_USER_PATHS = NO;
				CLANG_ANALYZER_NONNULL = YES;
				CLANG_ANALYZER_NUMBER_OBJECT_CONVERSION = YES_AGGRESSIVE;
				CLANG_CXX_LANGUAGE_STANDARD = "gnu++17";
				CLANG_ENABLE_MODULES = YES;
				CLANG_ENABLE_OBJC_ARC = YES;
				CLANG_ENABLE_OBJC_WEAK = YES;
				CLANG_WARN_BLOCK_CAPTURE_AUTORELEASING = YES;
				CLANG_WARN_BOOL_CONVERSION = YES;
				CLANG_WARN_COMMA = YES;
				CLANG_WARN_CONSTANT_CONVERSION = YES;
				CLANG_WARN_DEPRECATED_OBJC_IMPLEMENTATIONS = YES;
				CLANG_WARN_DIRECT_OBJC_ISA_USAGE = YES_ERROR;
				CLANG_WARN_DOCUMENTATION_COMMENTS = YES;
				CLANG_WARN_EMPTY_BODY = YES;
				CLANG_WARN_ENUM_CONVERSION = YES;
				CLANG_WARN_INFINITE_RECURSION = YES;
				CLANG_WARN_INT_CONVERSION = YES;
				CLANG_WARN_NON_LITERAL_NULL_CONVERSION = YES;
				CLANG_WARN_OBJC_IMPLICIT_RETAIN_SELF = YES;
				CLANG_WARN_OBJC_LITERAL_CONVERSION = YES;
				CLANG_WARN_OBJC_ROOT_CLASS = YES_ERROR;
				CLANG_WARN_QUOTED_INCLUDE_IN_FRAMEWORK_HEADER = YES;
				CLANG_WARN_RANGE_LOOP_ANALYSIS = YES;
				CLANG_WARN_STRICT_PROTOTYPES = YES;
				CLANG_WARN_SUSPICIOUS_MOVE = YES;
				CLANG_WARN_UNGUARDED_AVAILABILITY = YES_AGGRESSIVE;
				CLANG_WARN_UNREACHABLE_CODE = YES;
				CLANG_WARN__DUPLICATE_METHOD_MATCH = YES;
				COPY_PHASE_STRIP = NO;
				DEBUG_INFORMATION_FORMAT = "dwarf-with-dsym";
				ENABLE_NS_ASSERTIONS = NO;
				ENABLE_STRICT_OBJC_MSGSEND = YES;
				GCC_C_LANGUAGE_STANDARD = gnu11;
				GCC_NO_COMMON_BLOCKS = YES;
				GCC_WARN_64_TO_32_BIT_CONVERSION = YES;
				GCC_WARN_ABOUT_RETURN_TYPE = YES_ERROR;
				GCC_WARN_UNDECLARED_SELECTOR = YES;
				GCC_WARN_UNINITIALIZED_AUTOS = YES_AGGRESSIVE;
				GCC_WARN_UNUSED_FUNCTION = YES;
				GCC_WARN_UNUSED_VARIABLE = YES;
				IPHONEOS_DEPLOYMENT_TARGET = 15.5;
				MTL_ENABLE_DEBUG_INFO = NO;
				MTL_FAST_MATH = YES;
				SDKROOT = iphoneos;
				SWIFT_COMPILATION_MODE = wholemodule;
				SWIFT_OPTIMIZATION_LEVEL = "-O";
				VALIDATE_PRODUCT = YES;
			};
			name = Release;
		};
		DBF61A5F28AC0F9200AAA0EF /* Debug */ = {
			isa = XCBuildConfiguration;
			buildSettings = {
				ASSETCATALOG_COMPILER_APPICON_NAME = AppIcon;
				ASSETCATALOG_COMPILER_GLOBAL_ACCENT_COLOR_NAME = AccentColor;
				CODE_SIGN_STYLE = Automatic;
				CURRENT_PROJECT_VERSION = 1;
				DEVELOPMENT_ASSET_PATHS = "\"Moody3.0/Preview Content\"";
				DEVELOPMENT_TEAM = NZ69SJ9C73;
				ENABLE_PREVIEWS = YES;
				GENERATE_INFOPLIST_FILE = YES;
				INFOPLIST_KEY_UIApplicationSceneManifest_Generation = YES;
				INFOPLIST_KEY_UIApplicationSupportsIndirectInputEvents = YES;
				INFOPLIST_KEY_UILaunchScreen_Generation = YES;
				INFOPLIST_KEY_UISupportedInterfaceOrientations_iPad = "UIInterfaceOrientationPortrait UIInterfaceOrientationPortraitUpsideDown UIInterfaceOrientationLandscapeLeft UIInterfaceOrientationLandscapeRight";
				INFOPLIST_KEY_UISupportedInterfaceOrientations_iPhone = "UIInterfaceOrientationPortrait UIInterfaceOrientationLandscapeLeft UIInterfaceOrientationLandscapeRight";
				LD_RUNPATH_SEARCH_PATHS = (
					"$(inherited)",
					"@executable_path/Frameworks",
				);
				MARKETING_VERSION = 1.0;
				PRODUCT_BUNDLE_IDENTIFIER = "subtiv.Moody3-0";
				PRODUCT_NAME = "$(TARGET_NAME)";
				SWIFT_EMIT_LOC_STRINGS = YES;
				SWIFT_VERSION = 5.0;
				TARGETED_DEVICE_FAMILY = "1,2";
			};
			name = Debug;
		};
		DBF61A6028AC0F9200AAA0EF /* Release */ = {
			isa = XCBuildConfiguration;
			buildSettings = {
				ASSETCATALOG_COMPILER_APPICON_NAME = AppIcon;
				ASSETCATALOG_COMPILER_GLOBAL_ACCENT_COLOR_NAME = AccentColor;
				CODE_SIGN_STYLE = Automatic;
				CURRENT_PROJECT_VERSION = 1;
				DEVELOPMENT_ASSET_PATHS = "\"Moody3.0/Preview Content\"";
				DEVELOPMENT_TEAM = NZ69SJ9C73;
				ENABLE_PREVIEWS = YES;
				GENERATE_INFOPLIST_FILE = YES;
				INFOPLIST_KEY_UIApplicationSceneManifest_Generation = YES;
				INFOPLIST_KEY_UIApplicationSupportsIndirectInputEvents = YES;
				INFOPLIST_KEY_UILaunchScreen_Generation = YES;
				INFOPLIST_KEY_UISupportedInterfaceOrientations_iPad = "UIInterfaceOrientationPortrait UIInterfaceOrientationPortraitUpsideDown UIInterfaceOrientationLandscapeLeft UIInterfaceOrientationLandscapeRight";
				INFOPLIST_KEY_UISupportedInterfaceOrientations_iPhone = "UIInterfaceOrientationPortrait UIInterfaceOrientationLandscapeLeft UIInterfaceOrientationLandscapeRight";
				LD_RUNPATH_SEARCH_PATHS = (
					"$(inherited)",
					"@executable_path/Frameworks",
				);
				MARKETING_VERSION = 1.0;
				PRODUCT_BUNDLE_IDENTIFIER = "subtiv.Moody3-0";
				PRODUCT_NAME = "$(TARGET_NAME)";
				SWIFT_EMIT_LOC_STRINGS = YES;
				SWIFT_VERSION = 5.0;
				TARGETED_DEVICE_FAMILY = "1,2";
			};
			name = Release;
		};
		DBF61A6228AC0F9200AAA0EF /* Debug */ = {
			isa = XCBuildConfiguration;
			buildSettings = {
				ALWAYS_EMBED_SWIFT_STANDARD_LIBRARIES = YES;
				BUNDLE_LOADER = "$(TEST_HOST)";
				CODE_SIGN_STYLE = Automatic;
				CURRENT_PROJECT_VERSION = 1;
				DEVELOPMENT_TEAM = NZ69SJ9C73;
				GENERATE_INFOPLIST_FILE = YES;
				IPHONEOS_DEPLOYMENT_TARGET = 15.5;
				MARKETING_VERSION = 1.0;
				PRODUCT_BUNDLE_IDENTIFIER = "subtiv.Moody3-0Tests";
				PRODUCT_NAME = "$(TARGET_NAME)";
				SWIFT_EMIT_LOC_STRINGS = NO;
				SWIFT_VERSION = 5.0;
				TARGETED_DEVICE_FAMILY = "1,2";
				TEST_HOST = "$(BUILT_PRODUCTS_DIR)/Moody3.0.app/Moody3.0";
			};
			name = Debug;
		};
		DBF61A6328AC0F9200AAA0EF /* Release */ = {
			isa = XCBuildConfiguration;
			buildSettings = {
				ALWAYS_EMBED_SWIFT_STANDARD_LIBRARIES = YES;
				BUNDLE_LOADER = "$(TEST_HOST)";
				CODE_SIGN_STYLE = Automatic;
				CURRENT_PROJECT_VERSION = 1;
				DEVELOPMENT_TEAM = NZ69SJ9C73;
				GENERATE_INFOPLIST_FILE = YES;
				IPHONEOS_DEPLOYMENT_TARGET = 15.5;
				MARKETING_VERSION = 1.0;
				PRODUCT_BUNDLE_IDENTIFIER = "subtiv.Moody3-0Tests";
				PRODUCT_NAME = "$(TARGET_NAME)";
				SWIFT_EMIT_LOC_STRINGS = NO;
				SWIFT_VERSION = 5.0;
				TARGETED_DEVICE_FAMILY = "1,2";
				TEST_HOST = "$(BUILT_PRODUCTS_DIR)/Moody3.0.app/Moody3.0";
			};
			name = Release;
		};
		DBF61A6528AC0F9200AAA0EF /* Debug */ = {
			isa = XCBuildConfiguration;
			buildSettings = {
				ALWAYS_EMBED_SWIFT_STANDARD_LIBRARIES = YES;
				CODE_SIGN_STYLE = Automatic;
				CURRENT_PROJECT_VERSION = 1;
				DEVELOPMENT_TEAM = NZ69SJ9C73;
				GENERATE_INFOPLIST_FILE = YES;
				MARKETING_VERSION = 1.0;
				PRODUCT_BUNDLE_IDENTIFIER = "subtiv.Moody3-0UITests";
				PRODUCT_NAME = "$(TARGET_NAME)";
				SWIFT_EMIT_LOC_STRINGS = NO;
				SWIFT_VERSION = 5.0;
				TARGETED_DEVICE_FAMILY = "1,2";
				TEST_TARGET_NAME = Moody3.0;
			};
			name = Debug;
		};
		DBF61A6628AC0F9200AAA0EF /* Release */ = {
			isa = XCBuildConfiguration;
			buildSettings = {
				ALWAYS_EMBED_SWIFT_STANDARD_LIBRARIES = YES;
				CODE_SIGN_STYLE = Automatic;
				CURRENT_PROJECT_VERSION = 1;
				DEVELOPMENT_TEAM = NZ69SJ9C73;
				GENERATE_INFOPLIST_FILE = YES;
				MARKETING_VERSION = 1.0;
				PRODUCT_BUNDLE_IDENTIFIER = "subtiv.Moody3-0UITests";
				PRODUCT_NAME = "$(TARGET_NAME)";
				SWIFT_EMIT_LOC_STRINGS = NO;
				SWIFT_VERSION = 5.0;
				TARGETED_DEVICE_FAMILY = "1,2";
				TEST_TARGET_NAME = Moody3.0;
			};
			name = Release;
		};
/* End XCBuildConfiguration section */

/* Begin XCConfigurationList section */
		DBF61A3528AC0F8F00AAA0EF /* Build configuration list for PBXProject "Moody3.0" */ = {
			isa = XCConfigurationList;
			buildConfigurations = (
				DBF61A5C28AC0F9200AAA0EF /* Debug */,
				DBF61A5D28AC0F9200AAA0EF /* Release */,
			);
			defaultConfigurationIsVisible = 0;
			defaultConfigurationName = Release;
		};
		DBF61A5E28AC0F9200AAA0EF /* Build configuration list for PBXNativeTarget "Moody3.0" */ = {
			isa = XCConfigurationList;
			buildConfigurations = (
				DBF61A5F28AC0F9200AAA0EF /* Debug */,
				DBF61A6028AC0F9200AAA0EF /* Release */,
			);
			defaultConfigurationIsVisible = 0;
			defaultConfigurationName = Release;
		};
		DBF61A6128AC0F9200AAA0EF /* Build configuration list for PBXNativeTarget "Moody3.0Tests" */ = {
			isa = XCConfigurationList;
			buildConfigurations = (
				DBF61A6228AC0F9200AAA0EF /* Debug */,
				DBF61A6328AC0F9200AAA0EF /* Release */,
			);
			defaultConfigurationIsVisible = 0;
			defaultConfigurationName = Release;
		};
		DBF61A6428AC0F9200AAA0EF /* Build configuration list for PBXNativeTarget "Moody3.0UITests" */ = {
			isa = XCConfigurationList;
			buildConfigurations = (
				DBF61A6528AC0F9200AAA0EF /* Debug */,
				DBF61A6628AC0F9200AAA0EF /* Release */,
			);
			defaultConfigurationIsVisible = 0;
			defaultConfigurationName = Release;
		};
/* End XCConfigurationList section */
	};
	rootObject = DBF61A3228AC0F8F00AAA0EF /* Project object */;
}
